
Microsoft Visual Studio Solution File, Format Version 12.00
Project("{FAE04EC0-301F-11D3-BF4B-00C04F79EFBC}") = "lab10", "lab10\lab10.csproj", "{87736D36-69A4-413B-B5C5-6EF8FF61F2F8}"
EndProject
Global
	GlobalSection(SolutionConfigurationPlatforms) = preSolution
		Debug|Any CPU = Debug|Any CPU
		Release|Any CPU = Release|Any CPU
	EndGlobalSection
	GlobalSection(ProjectConfigurationPlatforms) = postSolution
		{87736D36-69A4-413B-B5C5-6EF8FF61F2F8}.Debug|Any CPU.ActiveCfg = Debug|Any CPU
		{87736D36-69A4-413B-B5C5-6EF8FF61F2F8}.Debug|Any CPU.Build.0 = Debug|Any CPU
		{87736D36-69A4-413B-B5C5-6EF8FF61F2F8}.Release|Any CPU.ActiveCfg = Release|Any CPU
		{87736D36-69A4-413B-B5C5-6EF8FF61F2F8}.Release|Any CPU.Build.0 = Release|Any CPU
	EndGlobalSection
EndGlobal
